// !$*UTF8*$!
{
	archiveVersion = 1;
	classes = {
	};
	objectVersion = 50;
	objects = {

/* Begin PBXBuildFile section */
		E57CCBC5268DB2FC000C8A6A /* AppDelegate.swift in Sources */ = {isa = PBXBuildFile; fileRef = E57CCBC4268DB2FC000C8A6A /* AppDelegate.swift */; };
		E57CCBC7268DB2FC000C8A6A /* SceneDelegate.swift in Sources */ = {isa = PBXBuildFile; fileRef = E57CCBC6268DB2FC000C8A6A /* SceneDelegate.swift */; };
		E57CCBC9268DB2FC000C8A6A /* ViewController.swift in Sources */ = {isa = PBXBuildFile; fileRef = E57CCBC8268DB2FC000C8A6A /* ViewController.swift */; };
		E57CCBCC268DB2FC000C8A6A /* Main.storyboard in Resources */ = {isa = PBXBuildFile; fileRef = E57CCBCA268DB2FC000C8A6A /* Main.storyboard */; };
		E57CCBCE268DB300000C8A6A /* Assets.xcassets in Resources */ = {isa = PBXBuildFile; fileRef = E57CCBCD268DB300000C8A6A /* Assets.xcassets */; };
		E57CCBD1268DB300000C8A6A /* LaunchScreen.storyboard in Resources */ = {isa = PBXBuildFile; fileRef = E57CCBCF268DB300000C8A6A /* LaunchScreen.storyboard */; };
		E57CCBDA268DB4F9000C8A6A /* NetworkManager.swift in Sources */ = {isa = PBXBuildFile; fileRef = E57CCBD9268DB4F9000C8A6A /* NetworkManager.swift */; };
		E57CCBDD268DB9B7000C8A6A /* Movie.swift in Sources */ = {isa = PBXBuildFile; fileRef = E57CCBDC268DB9B7000C8A6A /* Movie.swift */; };
		E57CCBDF268DBFA2000C8A6A /* Movies.swift in Sources */ = {isa = PBXBuildFile; fileRef = E57CCBDE268DBFA2000C8A6A /* Movies.swift */; };
		E57CCBE4268DD194000C8A6A /* MoviesCollectionViewCell.swift in Sources */ = {isa = PBXBuildFile; fileRef = E57CCBE3268DD194000C8A6A /* MoviesCollectionViewCell.swift */; };
		E5CFBEC1268EF64800ADE782 /* MovieDetailsViewController.swift in Sources */ = {isa = PBXBuildFile; fileRef = E5CFBEC0268EF64800ADE782 /* MovieDetailsViewController.swift */; };
/* End PBXBuildFile section */

/* Begin PBXFileReference section */
		E57CCBC1268DB2FC000C8A6A /* TopRatedMovies.app */ = {isa = PBXFileReference; explicitFileType = wrapper.application; includeInIndex = 0; path = TopRatedMovies.app; sourceTree = BUILT_PRODUCTS_DIR; };
		E57CCBC4268DB2FC000C8A6A /* AppDelegate.swift */ = {isa = PBXFileReference; lastKnownFileType = sourcecode.swift; path = AppDelegate.swift; sourceTree = "<group>"; };
		E57CCBC6268DB2FC000C8A6A /* SceneDelegate.swift */ = {isa = PBXFileReference; lastKnownFileType = sourcecode.swift; path = SceneDelegate.swift; sourceTree = "<group>"; };
		E57CCBC8268DB2FC000C8A6A /* ViewController.swift */ = {isa = PBXFileReference; lastKnownFileType = sourcecode.swift; path = ViewController.swift; sourceTree = "<group>"; };
		E57CCBCB268DB2FC000C8A6A /* Base */ = {isa = PBXFileReference; lastKnownFileType = file.storyboard; name = Base; path = Base.lproj/Main.storyboard; sourceTree = "<group>"; };
		E57CCBCD268DB300000C8A6A /* Assets.xcassets */ = {isa = PBXFileReference; lastKnownFileType = folder.assetcatalog; path = Assets.xcassets; sourceTree = "<group>"; };
		E57CCBD0268DB300000C8A6A /* Base */ = {isa = PBXFileReference; lastKnownFileType = file.storyboard; name = Base; path = Base.lproj/LaunchScreen.storyboard; sourceTree = "<group>"; };
		E57CCBD2268DB300000C8A6A /* Info.plist */ = {isa = PBXFileReference; lastKnownFileType = text.plist.xml; path = Info.plist; sourceTree = "<group>"; };
		E57CCBD9268DB4F9000C8A6A /* NetworkManager.swift */ = {isa = PBXFileReference; lastKnownFileType = sourcecode.swift; path = NetworkManager.swift; sourceTree = "<group>"; };
		E57CCBDC268DB9B7000C8A6A /* Movie.swift */ = {isa = PBXFileReference; lastKnownFileType = sourcecode.swift; path = Movie.swift; sourceTree = "<group>"; };
		E57CCBDE268DBFA2000C8A6A /* Movies.swift */ = {isa = PBXFileReference; lastKnownFileType = sourcecode.swift; path = Movies.swift; sourceTree = "<group>"; };
		E57CCBE3268DD194000C8A6A /* MoviesCollectionViewCell.swift */ = {isa = PBXFileReference; lastKnownFileType = sourcecode.swift; path = MoviesCollectionViewCell.swift; sourceTree = "<group>"; };
		E5CFBEC0268EF64800ADE782 /* MovieDetailsViewController.swift */ = {isa = PBXFileReference; lastKnownFileType = sourcecode.swift; path = MovieDetailsViewController.swift; sourceTree = "<group>"; };
/* End PBXFileReference section */

/* Begin PBXFrameworksBuildPhase section */
		E57CCBBE268DB2FC000C8A6A /* Frameworks */ = {
			isa = PBXFrameworksBuildPhase;
			buildActionMask = 2147483647;
			files = (
			);
			runOnlyForDeploymentPostprocessing = 0;
		};
/* End PBXFrameworksBuildPhase section */

/* Begin PBXGroup section */
		E57CCBB8268DB2FC000C8A6A = {
			isa = PBXGroup;
			children = (
				E57CCBC3268DB2FC000C8A6A /* TopRatedMovies */,
				E57CCBC2268DB2FC000C8A6A /* Products */,
			);
			sourceTree = "<group>";
		};
		E57CCBC2268DB2FC000C8A6A /* Products */ = {
			isa = PBXGroup;
			children = (
				E57CCBC1268DB2FC000C8A6A /* TopRatedMovies.app */,
			);
			name = Products;
			sourceTree = "<group>";
		};
		E57CCBC3268DB2FC000C8A6A /* TopRatedMovies */ = {
			isa = PBXGroup;
			children = (
				E57CCBCD268DB300000C8A6A /* Assets.xcassets */,
				E57CCBE2268DD143000C8A6A /* CollectionViewCells */,
				E57CCBE0268DC110000C8A6A /* Delegates */,
				E57CCBD2268DB300000C8A6A /* Info.plist */,
				E57CCBCF268DB300000C8A6A /* LaunchScreen.storyboard */,
				E57CCBCA268DB2FC000C8A6A /* Main.storyboard */,
				E57CCBDB268DB9A0000C8A6A /* Models */,
				E57CCBD8268DB4CE000C8A6A /* Network */,
				E57CCBE1268DD135000C8A6A /* Scenes */,
			);
			path = TopRatedMovies;
			sourceTree = "<group>";
		};
		E57CCBD8268DB4CE000C8A6A /* Network */ = {
			isa = PBXGroup;
			children = (
				E57CCBD9268DB4F9000C8A6A /* NetworkManager.swift */,
			);
			path = Network;
			sourceTree = "<group>";
		};
		E57CCBDB268DB9A0000C8A6A /* Models */ = {
			isa = PBXGroup;
			children = (
				E57CCBDC268DB9B7000C8A6A /* Movie.swift */,
				E57CCBDE268DBFA2000C8A6A /* Movies.swift */,
			);
			path = Models;
			sourceTree = "<group>";
		};
		E57CCBE0268DC110000C8A6A /* Delegates */ = {
			isa = PBXGroup;
			children = (
				E57CCBC6268DB2FC000C8A6A /* SceneDelegate.swift */,
				E57CCBC4268DB2FC000C8A6A /* AppDelegate.swift */,
			);
			path = Delegates;
			sourceTree = "<group>";
		};
		E57CCBE1268DD135000C8A6A /* Scenes */ = {
			isa = PBXGroup;
			children = (
				E57CCBC8268DB2FC000C8A6A /* ViewController.swift */,
				E5CFBEC0268EF64800ADE782 /* MovieDetailsViewController.swift */,
			);
			path = Scenes;
			sourceTree = "<group>";
		};
		E57CCBE2268DD143000C8A6A /* CollectionViewCells */ = {
			isa = PBXGroup;
			children = (
				E57CCBE3268DD194000C8A6A /* MoviesCollectionViewCell.swift */,
			);
			path = CollectionViewCells;
			sourceTree = "<group>";
		};
/* End PBXGroup section */

/* Begin PBXNativeTarget section */
		E57CCBC0268DB2FC000C8A6A /* TopRatedMovies */ = {
			isa = PBXNativeTarget;
			buildConfigurationList = E57CCBD5268DB300000C8A6A /* Build configuration list for PBXNativeTarget "TopRatedMovies" */;
			buildPhases = (
				E57CCBBD268DB2FC000C8A6A /* Sources */,
				E57CCBBE268DB2FC000C8A6A /* Frameworks */,
				E57CCBBF268DB2FC000C8A6A /* Resources */,
			);
			buildRules = (
			);
			dependencies = (
			);
			name = TopRatedMovies;
			productName = TopRatedMovies;
			productReference = E57CCBC1268DB2FC000C8A6A /* TopRatedMovies.app */;
			productType = "com.apple.product-type.application";
		};
/* End PBXNativeTarget section */

/* Begin PBXProject section */
		E57CCBB9268DB2FC000C8A6A /* Project object */ = {
			isa = PBXProject;
			attributes = {
				LastSwiftUpdateCheck = 1150;
				LastUpgradeCheck = 1150;
				ORGANIZATIONNAME = fahreddin;
				TargetAttributes = {
					E57CCBC0268DB2FC000C8A6A = {
						CreatedOnToolsVersion = 11.5;
					};
				};
			};
			buildConfigurationList = E57CCBBC268DB2FC000C8A6A /* Build configuration list for PBXProject "TopRatedMovies" */;
			compatibilityVersion = "Xcode 9.3";
			developmentRegion = en;
			hasScannedForEncodings = 0;
			knownRegions = (
				en,
				Base,
			);
			mainGroup = E57CCBB8268DB2FC000C8A6A;
			productRefGroup = E57CCBC2268DB2FC000C8A6A /* Products */;
			projectDirPath = "";
			projectRoot = "";
			targets = (
				E57CCBC0268DB2FC000C8A6A /* TopRatedMovies */,
			);
		};
/* End PBXProject section */

/* Begin PBXResourcesBuildPhase section */
		E57CCBBF268DB2FC000C8A6A /* Resources */ = {
			isa = PBXResourcesBuildPhase;
			buildActionMask = 2147483647;
			files = (
				E57CCBD1268DB300000C8A6A /* LaunchScreen.storyboard in Resources */,
				E57CCBCE268DB300000C8A6A /* Assets.xcassets in Resources */,
				E57CCBCC268DB2FC000C8A6A /* Main.storyboard in Resources */,
			);
			runOnlyForDeploymentPostprocessing = 0;
		};
/* End PBXResourcesBuildPhase section */

/* Begin PBXSourcesBuildPhase section */
		E57CCBBD268DB2FC000C8A6A /* Sources */ = {
			isa = PBXSourcesBuildPhase;
			buildActionMask = 2147483647;
			files = (
				E5CFBEC1268EF64800ADE782 /* MovieDetailsViewController.swift in Sources */,
				E57CCBDA268DB4F9000C8A6A /* NetworkManager.swift in Sources */,
				E57CCBC9268DB2FC000C8A6A /* ViewController.swift in Sources */,
				E57CCBDF268DBFA2000C8A6A /* Movies.swift in Sources */,
				E57CCBC5268DB2FC000C8A6A /* AppDelegate.swift in Sources */,
				E57CCBC7268DB2FC000C8A6A /* SceneDelegate.swift in Sources */,
				E57CCBDD268DB9B7000C8A6A /* Movie.swift in Sources */,
				E57CCBE4268DD194000C8A6A /* MoviesCollectionViewCell.swift in Sources */,
			);
			runOnlyForDeploymentPostprocessing = 0;
		};
/* End PBXSourcesBuildPhase section */

/* Begin PBXVariantGroup section */
		E57CCBCA268DB2FC000C8A6A /* Main.storyboard */ = {
			isa = PBXVariantGroup;
			children = (
				E57CCBCB268DB2FC000C8A6A /* Base */,
			);
			name = Main.storyboard;
			sourceTree = "<group>";
		};
		E57CCBCF268DB300000C8A6A /* LaunchScreen.storyboard */ = {
			isa = PBXVariantGroup;
			children = (
				E57CCBD0268DB300000C8A6A /* Base */,
			);
			name = LaunchScreen.storyboard;
			sourceTree = "<group>";
		};
/* End PBXVariantGroup section */

/* Begin XCBuildConfiguration section */
		E57CCBD3268DB300000C8A6A /* Debug */ = {
			isa = XCBuildConfiguration;
			buildSettings = {
				ALWAYS_SEARCH_USER_PATHS = NO;
				CLANG_ANALYZER_NONNULL = YES;
				CLANG_ANALYZER_NUMBER_OBJECT_CONVERSION = YES_AGGRESSIVE;
				CLANG_CXX_LANGUAGE_STANDARD = "gnu++14";
				CLANG_CXX_LIBRARY = "libc++";
				CLANG_ENABLE_MODULES = YES;
				CLANG_ENABLE_OBJC_ARC = YES;
				CLANG_ENABLE_OBJC_WEAK = YES;
				CLANG_WARN_BLOCK_CAPTURE_AUTORELEASING = YES;
				CLANG_WARN_BOOL_CONVERSION = YES;
				CLANG_WARN_COMMA = YES;
				CLANG_WARN_CONSTANT_CONVERSION = YES;
				CLANG_WARN_DEPRECATED_OBJC_IMPLEMENTATIONS = YES;
				CLANG_WARN_DIRECT_OBJC_ISA_USAGE = YES_ERROR;
				CLANG_WARN_DOCUMENTATION_COMMENTS = YES;
				CLANG_WARN_EMPTY_BODY = YES;
				CLANG_WARN_ENUM_CONVERSION = YES;
				CLANG_WARN_INFINITE_RECURSION = YES;
				CLANG_WARN_INT_CONVERSION = YES;
				CLANG_WARN_NON_LITERAL_NULL_CONVERSION = YES;
				CLANG_WARN_OBJC_IMPLICIT_RETAIN_SELF = YES;
				CLANG_WARN_OBJC_LITERAL_CONVERSION = YES;
				CLANG_WARN_OBJC_ROOT_CLASS = YES_ERROR;
				CLANG_WARN_RANGE_LOOP_ANALYSIS = YES;
				CLANG_WARN_STRICT_PROTOTYPES = YES;
				CLANG_WARN_SUSPICIOUS_MOVE = YES;
				CLANG_WARN_UNGUARDED_AVAILABILITY = YES_AGGRESSIVE;
				CLANG_WARN_UNREACHABLE_CODE = YES;
				CLANG_WARN__DUPLICATE_METHOD_MATCH = YES;
				COPY_PHASE_STRIP = NO;
				DEBUG_INFORMATION_FORMAT = dwarf;
				ENABLE_STRICT_OBJC_MSGSEND = YES;
				ENABLE_TESTABILITY = YES;
				GCC_C_LANGUAGE_STANDARD = gnu11;
				GCC_DYNAMIC_NO_PIC = NO;
				GCC_NO_COMMON_BLOCKS = YES;
				GCC_OPTIMIZATION_LEVEL = 0;
				GCC_PREPROCESSOR_DEFINITIONS = (
					"DEBUG=1",
					"$(inherited)",
				);
				GCC_WARN_64_TO_32_BIT_CONVERSION = YES;
				GCC_WARN_ABOUT_RETURN_TYPE = YES_ERROR;
				GCC_WARN_UNDECLARED_SELECTOR = YES;
				GCC_WARN_UNINITIALIZED_AUTOS = YES_AGGRESSIVE;
				GCC_WARN_UNUSED_FUNCTION = YES;
				GCC_WARN_UNUSED_VARIABLE = YES;
				IPHONEOS_DEPLOYMENT_TARGET = 13.5;
				MTL_ENABLE_DEBUG_INFO = INCLUDE_SOURCE;
				MTL_FAST_MATH = YES;
				ONLY_ACTIVE_ARCH = YES;
				SDKROOT = iphoneos;
				SWIFT_ACTIVE_COMPILATION_CONDITIONS = DEBUG;
				SWIFT_OPTIMIZATION_LEVEL = "-Onone";
			};
			name = Debug;
		};
		E57CCBD4268DB300000C8A6A /* Release */ = {
			isa = XCBuildConfiguration;
			buildSettings = {
				ALWAYS_SEARCH_USER_PATHS = NO;
				CLANG_ANALYZER_NONNULL = YES;
				CLANG_ANALYZER_NUMBER_OBJECT_CONVERSION = YES_AGGRESSIVE;
				CLANG_CXX_LANGUAGE_STANDARD = "gnu++14";
				CLANG_CXX_LIBRARY = "libc++";
				CLANG_ENABLE_MODULES = YES;
				CLANG_ENABLE_OBJC_ARC = YES;
				CLANG_ENABLE_OBJC_WEAK = YES;
				CLANG_WARN_BLOCK_CAPTURE_AUTORELEASING = YES;
				CLANG_WARN_BOOL_CONVERSION = YES;
				CLANG_WARN_COMMA = YES;
				CLANG_WARN_CONSTANT_CONVERSION = YES;
				CLANG_WARN_DEPRECATED_OBJC_IMPLEMENTATIONS = YES;
				CLANG_WARN_DIRECT_OBJC_ISA_USAGE = YES_ERROR;
				CLANG_WARN_DOCUMENTATION_COMMENTS = YES;
				CLANG_WARN_EMPTY_BODY = YES;
				CLANG_WARN_ENUM_CONVERSION = YES;
				CLANG_WARN_INFINITE_RECURSION = YES;
				CLANG_WARN_INT_CONVERSION = YES;
				CLANG_WARN_NON_LITERAL_NULL_CONVERSION = YES;
				CLANG_WARN_OBJC_IMPLICIT_RETAIN_SELF = YES;
				CLANG_WARN_OBJC_LITERAL_CONVERSION = YES;
				CLANG_WARN_OBJC_ROOT_CLASS = YES_ERROR;
				CLANG_WARN_RANGE_LOOP_ANALYSIS = YES;
				CLANG_WARN_STRICT_PROTOTYPES = YES;
				CLANG_WARN_SUSPICIOUS_MOVE = YES;
				CLANG_WARN_UNGUARDED_AVAILABILITY = YES_AGGRESSIVE;
				CLANG_WARN_UNREACHABLE_CODE = YES;
				CLANG_WARN__DUPLICATE_METHOD_MATCH = YES;
				COPY_PHASE_STRIP = NO;
				DEBUG_INFORMATION_FORMAT = "dwarf-with-dsym";
				ENABLE_NS_ASSERTIONS = NO;
				ENABLE_STRICT_OBJC_MSGSEND = YES;
				GCC_C_LANGUAGE_STANDARD = gnu11;
				GCC_NO_COMMON_BLOCKS = YES;
				GCC_WARN_64_TO_32_BIT_CONVERSION = YES;
				GCC_WARN_ABOUT_RETURN_TYPE = YES_ERROR;
				GCC_WARN_UNDECLARED_SELECTOR = YES;
				GCC_WARN_UNINITIALIZED_AUTOS = YES_AGGRESSIVE;
				GCC_WARN_UNUSED_FUNCTION = YES;
				GCC_WARN_UNUSED_VARIABLE = YES;
				IPHONEOS_DEPLOYMENT_TARGET = 13.5;
				MTL_ENABLE_DEBUG_INFO = NO;
				MTL_FAST_MATH = YES;
				SDKROOT = iphoneos;
				SWIFT_COMPILATION_MODE = wholemodule;
				SWIFT_OPTIMIZATION_LEVEL = "-O";
				VALIDATE_PRODUCT = YES;
			};
			name = Release;
		};
		E57CCBD6268DB300000C8A6A /* Debug */ = {
			isa = XCBuildConfiguration;
			buildSettings = {
				ASSETCATALOG_COMPILER_APPICON_NAME = AppIcon;
				CODE_SIGN_STYLE = Automatic;
				DEVELOPMENT_TEAM = 6J3M2T865K;
				INFOPLIST_FILE = TopRatedMovies/Info.plist;
				LD_RUNPATH_SEARCH_PATHS = (
					"$(inherited)",
					"@executable_path/Frameworks",
				);
				PRODUCT_BUNDLE_IDENTIFIER = com.fh.TopRatedMovies;
				PRODUCT_NAME = "$(TARGET_NAME)";
				SWIFT_VERSION = 5.0;
				TARGETED_DEVICE_FAMILY = "1,2";
			};
			name = Debug;
		};
		E57CCBD7268DB300000C8A6A /* Release */ = {
			isa = XCBuildConfiguration;
			buildSettings = {
				ASSETCATALOG_COMPILER_APPICON_NAME = AppIcon;
				CODE_SIGN_STYLE = Automatic;
				DEVELOPMENT_TEAM = 6J3M2T865K;
				INFOPLIST_FILE = TopRatedMovies/Info.plist;
				LD_RUNPATH_SEARCH_PATHS = (
					"$(inherited)",
					"@executable_path/Frameworks",
				);
				PRODUCT_BUNDLE_IDENTIFIER = com.fh.TopRatedMovies;
				PRODUCT_NAME = "$(TARGET_NAME)";
				SWIFT_VERSION = 5.0;
				TARGETED_DEVICE_FAMILY = "1,2";
			};
			name = Release;
		};
/* End XCBuildConfiguration section */

/* Begin XCConfigurationList section */
		E57CCBBC268DB2FC000C8A6A /* Build configuration list for PBXProject "TopRatedMovies" */ = {
			isa = XCConfigurationList;
			buildConfigurations = (
				E57CCBD3268DB300000C8A6A /* Debug */,
				E57CCBD4268DB300000C8A6A /* Release */,
			);
			defaultConfigurationIsVisible = 0;
			defaultConfigurationName = Release;
		};
		E57CCBD5268DB300000C8A6A /* Build configuration list for PBXNativeTarget "TopRatedMovies" */ = {
			isa = XCConfigurationList;
			buildConfigurations = (
				E57CCBD6268DB300000C8A6A /* Debug */,
				E57CCBD7268DB300000C8A6A /* Release */,
			);
			defaultConfigurationIsVisible = 0;
			defaultConfigurationName = Release;
		};
/* End XCConfigurationList section */
	};
	rootObject = E57CCBB9268DB2FC000C8A6A /* Project object */;
}
